
Microsoft Visual Studio Solution File, Format Version 12.00
# Visual Studio Version 17
VisualStudioVersion = 17.6.33801.468
MinimumVisualStudioVersion = 10.0.40219.1
Project("{FAE04EC0-301F-11D3-BF4B-00C04F79EFBC}") = "FundamentalProject", "FundamentalProject\FundamentalProject.csproj", "{9491E9B6-450A-4565-94D1-02A42961C244}"
EndProject
Global
	GlobalSection(SolutionConfigurationPlatforms) = preSolution
		Debug|Any CPU = Debug|Any CPU
		Release|Any CPU = Release|Any CPU
	EndGlobalSection
	GlobalSection(ProjectConfigurationPlatforms) = postSolution
		{9491E9B6-450A-4565-94D1-02A42961C244}.Debug|Any CPU.ActiveCfg = Debug|Any CPU
		{9491E9B6-450A-4565-94D1-02A42961C244}.Debug|Any CPU.Build.0 = Debug|Any CPU
		{9491E9B6-450A-4565-94D1-02A42961C244}.Release|Any CPU.ActiveCfg = Release|Any CPU
		{9491E9B6-450A-4565-94D1-02A42961C244}.Release|Any CPU.Build.0 = Release|Any CPU
	EndGlobalSection
	GlobalSection(SolutionProperties) = preSolution
		HideSolutionNode = FALSE
	EndGlobalSection
	GlobalSection(ExtensibilityGlobals) = postSolution
		SolutionGuid = {D18B0C35-45DB-4714-9A62-BAACB8F74A37}
	EndGlobalSection
EndGlobal
